// !$*UTF8*$!
{
	archiveVersion = 1;
	classes = {
	};
	objectVersion = 46;
	objects = {

/* Begin PBXBuildFile section */
		2F8E8DE41DA9AB5000CC23FB /* AppDelegate.swift in Sources */ = {isa = PBXBuildFile; fileRef = 2F8E8DE31DA9AB5000CC23FB /* AppDelegate.swift */; };
		2F8E8DE61DA9AB5000CC23FB /* ViewController.swift in Sources */ = {isa = PBXBuildFile; fileRef = 2F8E8DE51DA9AB5000CC23FB /* ViewController.swift */; };
		2F8E8DE91DA9AB5000CC23FB /* Main.storyboard in Resources */ = {isa = PBXBuildFile; fileRef = 2F8E8DE71DA9AB5000CC23FB /* Main.storyboard */; };
		2F8E8DEB1DA9AB5000CC23FB /* Assets.xcassets in Resources */ = {isa = PBXBuildFile; fileRef = 2F8E8DEA1DA9AB5000CC23FB /* Assets.xcassets */; };
		2F8E8DEE1DA9AB5000CC23FB /* LaunchScreen.storyboard in Resources */ = {isa = PBXBuildFile; fileRef = 2F8E8DEC1DA9AB5000CC23FB /* LaunchScreen.storyboard */; };
/* End PBXBuildFile section */

/* Begin PBXFileReference section */
		2F8E8DE01DA9AB5000CC23FB /* FilterView.app */ = {isa = PBXFileReference; explicitFileType = wrapper.application; includeInIndex = 0; path = FilterView.app; sourceTree = BUILT_PRODUCTS_DIR; };
		2F8E8DE31DA9AB5000CC23FB /* AppDelegate.swift */ = {isa = PBXFileReference; lastKnownFileType = sourcecode.swift; path = AppDelegate.swift; sourceTree = "<group>"; };
		2F8E8DE51DA9AB5000CC23FB /* ViewController.swift */ = {isa = PBXFileReference; lastKnownFileType = sourcecode.swift; path = ViewController.swift; sourceTree = "<group>"; };
		2F8E8DE81DA9AB5000CC23FB /* Base */ = {isa = PBXFileReference; lastKnownFileType = file.storyboard; name = Base; path = Base.lproj/Main.storyboard; sourceTree = "<group>"; };
		2F8E8DEA1DA9AB5000CC23FB /* Assets.xcassets */ = {isa = PBXFileReference; lastKnownFileType = folder.assetcatalog; path = Assets.xcassets; sourceTree = "<group>"; };
		2F8E8DED1DA9AB5000CC23FB /* Base */ = {isa = PBXFileReference; lastKnownFileType = file.storyboard; name = Base; path = Base.lproj/LaunchScreen.storyboard; sourceTree = "<group>"; };
		2F8E8DEF1DA9AB5000CC23FB /* Info.plist */ = {isa = PBXFileReference; lastKnownFileType = text.plist.xml; path = Info.plist; sourceTree = "<group>"; };
/* End PBXFileReference section */

/* Begin PBXFrameworksBuildPhase section */
		2F8E8DDD1DA9AB5000CC23FB /* Frameworks */ = {
			isa = PBXFrameworksBuildPhase;
			buildActionMask = 2147483647;
			files = (
			);
			runOnlyForDeploymentPostprocessing = 0;
		};
/* End PBXFrameworksBuildPhase section */

/* Begin PBXGroup section */
		2F8E8DD71DA9AB5000CC23FB = {
			isa = PBXGroup;
			children = (
				2F8E8DE21DA9AB5000CC23FB /* FilterView */,
				2F8E8DE11DA9AB5000CC23FB /* Products */,
			);
			sourceTree = "<group>";
		};
		2F8E8DE11DA9AB5000CC23FB /* Products */ = {
			isa = PBXGroup;
			children = (
				2F8E8DE01DA9AB5000CC23FB /* FilterView.app */,
			);
			name = Products;
			sourceTree = "<group>";
		};
		2F8E8DE21DA9AB5000CC23FB /* FilterView */ = {
			isa = PBXGroup;
			children = (
				2F8E8DE31DA9AB5000CC23FB /* AppDelegate.swift */,
				2F8E8DE51DA9AB5000CC23FB /* ViewController.swift */,
				2F8E8DE71DA9AB5000CC23FB /* Main.storyboard */,
				2F8E8DEA1DA9AB5000CC23FB /* Assets.xcassets */,
				2F8E8DEC1DA9AB5000CC23FB /* LaunchScreen.storyboard */,
				2F8E8DEF1DA9AB5000CC23FB /* Info.plist */,
			);
			path = FilterView;
			sourceTree = "<group>";
		};
/* End PBXGroup section */

/* Begin PBXNativeTarget section */
		2F8E8DDF1DA9AB5000CC23FB /* FilterView */ = {
			isa = PBXNativeTarget;
			buildConfigurationList = 2F8E8DF21DA9AB5000CC23FB /* Build configuration list for PBXNativeTarget "FilterView" */;
			buildPhases = (
				2F8E8DDC1DA9AB5000CC23FB /* Sources */,
				2F8E8DDD1DA9AB5000CC23FB /* Frameworks */,
				2F8E8DDE1DA9AB5000CC23FB /* Resources */,
			);
			buildRules = (
			);
			dependencies = (
			);
			name = FilterView;
			productName = FilterView;
			productReference = 2F8E8DE01DA9AB5000CC23FB /* FilterView.app */;
			productType = "com.apple.product-type.application";
		};
/* End PBXNativeTarget section */

/* Begin PBXProject section */
		2F8E8DD81DA9AB5000CC23FB /* Project object */ = {
			isa = PBXProject;
			attributes = {
				LastSwiftUpdateCheck = 0800;
				LastUpgradeCheck = 0800;
				ORGANIZATIONNAME = "Derrick  Ho";
				TargetAttributes = {
					2F8E8DDF1DA9AB5000CC23FB = {
						CreatedOnToolsVersion = 8.0;
						DevelopmentTeam = SX585CK9M9;
						ProvisioningStyle = Automatic;
					};
				};
			};
			buildConfigurationList = 2F8E8DDB1DA9AB5000CC23FB /* Build configuration list for PBXProject "FilterView" */;
			compatibilityVersion = "Xcode 3.2";
			developmentRegion = English;
			hasScannedForEncodings = 0;
			knownRegions = (
				en,
				Base,
			);
			mainGroup = 2F8E8DD71DA9AB5000CC23FB;
			productRefGroup = 2F8E8DE11DA9AB5000CC23FB /* Products */;
			projectDirPath = "";
			projectRoot = "";
			targets = (
				2F8E8DDF1DA9AB5000CC23FB /* FilterView */,
			);
		};
/* End PBXProject section */

/* Begin PBXResourcesBuildPhase section */
		2F8E8DDE1DA9AB5000CC23FB /* Resources */ = {
			isa = PBXResourcesBuildPhase;
			buildActionMask = 2147483647;
			files = (
				2F8E8DEE1DA9AB5000CC23FB /* LaunchScreen.storyboard in Resources */,
				2F8E8DEB1DA9AB5000CC23FB /* Assets.xcassets in Resources */,
				2F8E8DE91DA9AB5000CC23FB /* Main.storyboard in Resources */,
			);
			runOnlyForDeploymentPostprocessing = 0;
		};
/* End PBXResourcesBuildPhase section */

/* Begin PBXSourcesBuildPhase section */
		2F8E8DDC1DA9AB5000CC23FB /* Sources */ = {
			isa = PBXSourcesBuildPhase;
			buildActionMask = 2147483647;
			files = (
				2F8E8DE61DA9AB5000CC23FB /* ViewController.swift in Sources */,
				2F8E8DE41DA9AB5000CC23FB /* AppDelegate.swift in Sources */,
			);
			runOnlyForDeploymentPostprocessing = 0;
		};
/* End PBXSourcesBuildPhase section */

/* Begin PBXVariantGroup section */
		2F8E8DE71DA9AB5000CC23FB /* Main.storyboard */ = {
			isa = PBXVariantGroup;
			children = (
				2F8E8DE81DA9AB5000CC23FB /* Base */,
			);
			name = Main.storyboard;
			sourceTree = "<group>";
		};
		2F8E8DEC1DA9AB5000CC23FB /* LaunchScreen.storyboard */ = {
			isa = PBXVariantGroup;
			children = (
				2F8E8DED1DA9AB5000CC23FB /* Base */,
			);
			name = LaunchScreen.storyboard;
			sourceTree = "<group>";
		};
/* End PBXVariantGroup section */

/* Begin XCBuildConfiguration section */
		2F8E8DF01DA9AB5000CC23FB /* Debug */ = {
			isa = XCBuildConfiguration;
			buildSettings = {
				ALWAYS_SEARCH_USER_PATHS = NO;
				CLANG_ANALYZER_NONNULL = YES;
				CLANG_CXX_LANGUAGE_STANDARD = "gnu++0x";
				CLANG_CXX_LIBRARY = "libc++";
				CLANG_ENABLE_MODULES = YES;
				CLANG_ENABLE_OBJC_ARC = YES;
				CLANG_WARN_BOOL_CONVERSION = YES;
				CLANG_WARN_CONSTANT_CONVERSION = YES;
				CLANG_WARN_DIRECT_OBJC_ISA_USAGE = YES_ERROR;
				CLANG_WARN_DOCUMENTATION_COMMENTS = YES;
				CLANG_WARN_EMPTY_BODY = YES;
				CLANG_WARN_ENUM_CONVERSION = YES;
				CLANG_WARN_INFINITE_RECURSION = YES;
				CLANG_WARN_INT_CONVERSION = YES;
				CLANG_WARN_OBJC_ROOT_CLASS = YES_ERROR;
				CLANG_WARN_SUSPICIOUS_MOVES = YES;
				CLANG_WARN_UNREACHABLE_CODE = YES;
				CLANG_WARN__DUPLICATE_METHOD_MATCH = YES;
				"CODE_SIGN_IDENTITY[sdk=iphoneos*]" = "iPhone Developer";
				COPY_PHASE_STRIP = NO;
				DEBUG_INFORMATION_FORMAT = dwarf;
				ENABLE_STRICT_OBJC_MSGSEND = YES;
				ENABLE_TESTABILITY = YES;
				GCC_C_LANGUAGE_STANDARD = gnu99;
				GCC_DYNAMIC_NO_PIC = NO;
				GCC_NO_COMMON_BLOCKS = YES;
				GCC_OPTIMIZATION_LEVEL = 0;
				GCC_PREPROCESSOR_DEFINITIONS = (
					"DEBUG=1",
					"$(inherited)",
				);
				GCC_WARN_64_TO_32_BIT_CONVERSION = YES;
				GCC_WARN_ABOUT_RETURN_TYPE = YES_ERROR;
				GCC_WARN_UNDECLARED_SELECTOR = YES;
				GCC_WARN_UNINITIALIZED_AUTOS = YES_AGGRESSIVE;
				GCC_WARN_UNUSED_FUNCTION = YES;
				GCC_WARN_UNUSED_VARIABLE = YES;
				IPHONEOS_DEPLOYMENT_TARGET = 10.0;
				MTL_ENABLE_DEBUG_INFO = YES;
				ONLY_ACTIVE_ARCH = YES;
				SDKROOT = iphoneos;
				SWIFT_ACTIVE_COMPILATION_CONDITIONS = DEBUG;
				SWIFT_OPTIMIZATION_LEVEL = "-Onone";
			};
			name = Debug;
		};
		2F8E8DF11DA9AB5000CC23FB /* Release */ = {
			isa = XCBuildConfiguration;
			buildSettings = {
				ALWAYS_SEARCH_USER_PATHS = NO;
				CLANG_ANALYZER_NONNULL = YES;
				CLANG_CXX_LANGUAGE_STANDARD = "gnu++0x";
				CLANG_CXX_LIBRARY = "libc++";
				CLANG_ENABLE_MODULES = YES;
				CLANG_ENABLE_OBJC_ARC = YES;
				CLANG_WARN_BOOL_CONVERSION = YES;
				CLANG_WARN_CONSTANT_CONVERSION = YES;
				CLANG_WARN_DIRECT_OBJC_ISA_USAGE = YES_ERROR;
				CLANG_WARN_DOCUMENTATION_COMMENTS = YES;
				CLANG_WARN_EMPTY_BODY = YES;
				CLANG_WARN_ENUM_CONVERSION = YES;
				CLANG_WARN_INFINITE_RECURSION = YES;
				CLANG_WARN_INT_CONVERSION = YES;
				CLANG_WARN_OBJC_ROOT_CLASS = YES_ERROR;
				CLANG_WARN_SUSPICIOUS_MOVES = YES;
				CLANG_WARN_UNREACHABLE_CODE = YES;
				CLANG_WARN__DUPLICATE_METHOD_MATCH = YES;
				"CODE_SIGN_IDENTITY[sdk=iphoneos*]" = "iPhone Developer";
				COPY_PHASE_STRIP = NO;
				DEBUG_INFORMATION_FORMAT = "dwarf-with-dsym";
				ENABLE_NS_ASSERTIONS = NO;
				ENABLE_STRICT_OBJC_MSGSEND = YES;
				GCC_C_LANGUAGE_STANDARD = gnu99;
				GCC_NO_COMMON_BLOCKS = YES;
				GCC_WARN_64_TO_32_BIT_CONVERSION = YES;
				GCC_WARN_ABOUT_RETURN_TYPE = YES_ERROR;
				GCC_WARN_UNDECLARED_SELECTOR = YES;
				GCC_WARN_UNINITIALIZED_AUTOS = YES_AGGRESSIVE;
				GCC_WARN_UNUSED_FUNCTION = YES;
				GCC_WARN_UNUSED_VARIABLE = YES;
				IPHONEOS_DEPLOYMENT_TARGET = 10.0;
				MTL_ENABLE_DEBUG_INFO = NO;
				SDKROOT = iphoneos;
				SWIFT_OPTIMIZATION_LEVEL = "-Owholemodule";
				VALIDATE_PRODUCT = YES;
			};
			name = Release;
		};
		2F8E8DF31DA9AB5000CC23FB /* Debug */ = {
			isa = XCBuildConfiguration;
			buildSettings = {
				ASSETCATALOG_COMPILER_APPICON_NAME = AppIcon;
				DEVELOPMENT_TEAM = SX585CK9M9;
				INFOPLIST_FILE = FilterView/Info.plist;
				LD_RUNPATH_SEARCH_PATHS = "$(inherited) @executable_path/Frameworks";
				PRODUCT_BUNDLE_IDENTIFIER = com.dnthome.FilterView;
				PRODUCT_NAME = "$(TARGET_NAME)";
				SWIFT_VERSION = 3.0;
			};
			name = Debug;
		};
		2F8E8DF41DA9AB5000CC23FB /* Release */ = {
			isa = XCBuildConfiguration;
			buildSettings = {
				ASSETCATALOG_COMPILER_APPICON_NAME = AppIcon;
				DEVELOPMENT_TEAM = SX585CK9M9;
				INFOPLIST_FILE = FilterView/Info.plist;
				LD_RUNPATH_SEARCH_PATHS = "$(inherited) @executable_path/Frameworks";
				PRODUCT_BUNDLE_IDENTIFIER = com.dnthome.FilterView;
				PRODUCT_NAME = "$(TARGET_NAME)";
				SWIFT_VERSION = 3.0;
			};
			name = Release;
		};
/* End XCBuildConfiguration section */

/* Begin XCConfigurationList section */
		2F8E8DDB1DA9AB5000CC23FB /* Build configuration list for PBXProject "FilterView" */ = {
			isa = XCConfigurationList;
			buildConfigurations = (
				2F8E8DF01DA9AB5000CC23FB /* Debug */,
				2F8E8DF11DA9AB5000CC23FB /* Release */,
			);
			defaultConfigurationIsVisible = 0;
			defaultConfigurationName = Release;
		};
		2F8E8DF21DA9AB5000CC23FB /* Build configuration list for PBXNativeTarget "FilterView" */ = {
			isa = XCConfigurationList;
			buildConfigurations = (
				2F8E8DF31DA9AB5000CC23FB /* Debug */,
				2F8E8DF41DA9AB5000CC23FB /* Release */,
			);
			defaultConfigurationIsVisible = 0;
		};
/* End XCConfigurationList section */
	};
	rootObject = 2F8E8DD81DA9AB5000CC23FB /* Project object */;
}
